
Microsoft Visual Studio Solution File, Format Version 12.00
# Visual Studio Version 17
VisualStudioVersion = 17.2.32630.192
MinimumVisualStudioVersion = 10.0.40219.1
Project("{FAE04EC0-301F-11D3-BF4B-00C04F79EFBC}") = "FiveChesses", "FiveChesses\FiveChesses.csproj", "{45AA1163-2B1E-48AC-B91A-FCF604D4041C}"
EndProject
Global
	GlobalSection(SolutionConfigurationPlatforms) = preSolution
		Debug|Any CPU = Debug|Any CPU
		Release|Any CPU = Release|Any CPU
	EndGlobalSection
	GlobalSection(ProjectConfigurationPlatforms) = postSolution
		{45AA1163-2B1E-48AC-B91A-FCF604D4041C}.Debug|Any CPU.ActiveCfg = Debug|Any CPU
		{45AA1163-2B1E-48AC-B91A-FCF604D4041C}.Debug|Any CPU.Build.0 = Debug|Any CPU
		{45AA1163-2B1E-48AC-B91A-FCF604D4041C}.Release|Any CPU.ActiveCfg = Release|Any CPU
		{45AA1163-2B1E-48AC-B91A-FCF604D4041C}.Release|Any CPU.Build.0 = Release|Any CPU
	EndGlobalSection
	GlobalSection(SolutionProperties) = preSolution
		HideSolutionNode = FALSE
	EndGlobalSection
	GlobalSection(ExtensibilityGlobals) = postSolution
		SolutionGuid = {2F846048-78AF-407E-A2E0-E3249DFA1AD9}
	EndGlobalSection
EndGlobal
